{
  "nodes": {
    "display3d": {
      "inputs": {
        "display3d": "display3d_2",
        "nixpkgs": "nixpkgs"
      },
      "locked": {
        "lastModified": 1,
        "narHash": "sha256-vQ6lbispVaV1tQ6zwGQzHVp6CAOMP0ASwN1fBPRYjBY=",
        "path": "/nix/store/42i1pgcz1cm2ak9m1gxfpblhya79639s-source/display3d",
        "type": "path"
      },
      "original": {
        "path": "/nix/store/42i1pgcz1cm2ak9m1gxfpblhya79639s-source/display3d",
        "type": "path"
      }
    },
    "display3d_2": {
      "flake": false,
      "locked": {
        "lastModified": 1704671692,
        "narHash": "sha256-TjfDg8uIdrLY+wo7iZMYJQVumTR3y2LJjIWdNAXpI4w=",
        "ref": "refs/heads/master",
        "rev": "dfb2438522acad495d9909b35caf526c74c1a1af",
        "revCount": 45,
        "submodules": true,
        "type": "git",
        "url": "https://github.com/redpenguinyt/display3d"
      },
      "original": {
        "submodules": true,
        "type": "git",
        "url": "https://github.com/redpenguinyt/display3d"
      }
    },
    "fenix": {
      "inputs": {
        "nixpkgs": [
          "git-flakes",
          "grompt",
          "nixpkgs"
        ],
        "rust-analyzer-src": "rust-analyzer-src"
      },
      "locked": {
        "lastModified": 1698474008,
        "narHash": "sha256-t7uGih9Q/ucsXUnb7oWbI+J24+VmhP4wGmrs+4Fbp6c=",
        "owner": "nix-community",
        "repo": "fenix",
        "rev": "0087479649aab847e515e90e7f7333983dea798e",
        "type": "github"
      },
      "original": {
        "owner": "nix-community",
        "repo": "fenix",
        "type": "github"
      }
    },
    "flake-compat": {
      "flake": false,
      "locked": {
        "lastModified": 1673956053,
        "narHash": "sha256-4gtG9iQuiKITOjNQQeQIpoIB6b16fm+504Ch3sNKLd8=",
        "owner": "edolstra",
        "repo": "flake-compat",
        "rev": "35bb57c0c8d8b62bbfd284272c928ceb64ddbde9",
        "type": "github"
      },
      "original": {
        "owner": "edolstra",
        "repo": "flake-compat",
        "type": "github"
      }
    },
    "flake-utils": {
      "inputs": {
        "systems": "systems"
      },
      "locked": {
        "lastModified": 1710146030,
        "narHash": "sha256-SZ5L6eA7HJ/nmkzGG7/ISclqe6oZdOZTNoesiInkXPQ=",
        "owner": "numtide",
        "repo": "flake-utils",
        "rev": "b1d9ab70662946ef0850d488da1c9019f3a9752a",
        "type": "github"
      },
      "original": {
        "owner": "numtide",
        "repo": "flake-utils",
        "type": "github"
      }
    },
    "flake-utils_2": {
      "inputs": {
        "systems": "systems_2"
      },
      "locked": {
        "lastModified": 1694529238,
        "narHash": "sha256-zsNZZGTGnMOf9YpHKJqMSsa0dXbfmxeoJ7xHlrt+xmY=",
        "owner": "numtide",
        "repo": "flake-utils",
        "rev": "ff7b65b44d01cf9ba6a71320833626af21126384",
        "type": "github"
      },
      "original": {
        "owner": "numtide",
        "repo": "flake-utils",
        "type": "github"
      }
    },
    "flake-utils_3": {
      "inputs": {
        "systems": "systems_3"
      },
      "locked": {
        "lastModified": 1689068808,
        "narHash": "sha256-6ixXo3wt24N/melDWjq70UuHQLxGV8jZvooRanIHXw0=",
        "owner": "numtide",
        "repo": "flake-utils",
        "rev": "919d646de7be200f3bf08cb76ae1f09402b6f9b4",
        "type": "github"
      },
      "original": {
        "owner": "numtide",
        "repo": "flake-utils",
        "type": "github"
      }
    },
    "flake-utils_4": {
      "inputs": {
        "systems": "systems_6"
      },
      "locked": {
        "lastModified": 1681202837,
        "narHash": "sha256-H+Rh19JDwRtpVPAWp64F+rlEtxUWBAQW28eAi3SRSzg=",
        "owner": "numtide",
        "repo": "flake-utils",
        "rev": "cfacdce06f30d2b68473a46042957675eebb3401",
        "type": "github"
      },
      "original": {
        "owner": "numtide",
        "repo": "flake-utils",
        "type": "github"
      }
    },
    "git-flakes": {
      "inputs": {
        "display3d": "display3d",
        "flake-utils": "flake-utils",
        "grompt": "grompt",
        "nixpkgs": "nixpkgs_4",
        "queercat": "queercat",
        "stremio": "stremio"
      },
      "locked": {
        "lastModified": 1,
        "narHash": "sha256-QkyKGqspPAAqvCaIKV6t8D+4REQEx82p4nTpx8OT50w=",
        "path": "/nix/store/qpm7aawmyswf6ahcsazjsvlf2w9vygmz-source/git-flakes",
        "type": "path"
      },
      "original": {
        "path": "/nix/store/qpm7aawmyswf6ahcsazjsvlf2w9vygmz-source/git-flakes",
        "type": "path"
      }
    },
    "grompt": {
      "inputs": {
        "fenix": "fenix",
        "flake-utils": "flake-utils_2",
        "naersk": "naersk",
        "nixpkgs": "nixpkgs_3"
      },
      "locked": {
        "lastModified": 1711447024,
        "narHash": "sha256-tgzDMgqVpUWrdP5P+afgpkugI2qXNrEwyvjFhQcvGnI=",
        "owner": "samhamnam",
        "repo": "grompt",
        "rev": "9ac43142c783443166ef1d28d6081d1f607f5d6b",
        "type": "github"
      },
      "original": {
        "owner": "samhamnam",
        "repo": "grompt",
        "type": "github"
      }
    },
    "home-manager": {
      "inputs": {
        "nixpkgs": [
          "nixpkgs"
        ]
      },
      "locked": {
        "lastModified": 1711915616,
        "narHash": "sha256-co6LoFA+j6BZEeJNSR8nZ4oOort5qYPskjrDHBaJgmo=",
        "owner": "nix-community",
        "repo": "home-manager",
        "rev": "820be197ccf3adaad9a8856ef255c13b6cc561a6",
        "type": "github"
      },
      "original": {
        "owner": "nix-community",
        "repo": "home-manager",
        "type": "github"
      }
    },
    "hyprcursor": {
      "inputs": {
        "hyprlang": "hyprlang",
        "nixpkgs": [
          "hyprland",
          "nixpkgs"
        ],
        "systems": [
          "hyprland",
          "systems"
        ]
      },
      "locked": {
        "lastModified": 1711466786,
        "narHash": "sha256-sArxGyUBiCA1in+q6t0QqT+ZJiZ1PyBp7cNPKLmREM0=",
        "owner": "hyprwm",
        "repo": "hyprcursor",
        "rev": "d3876f34779cc03ee51e4aafc0d00a4f187c7544",
        "type": "github"
      },
      "original": {
        "owner": "hyprwm",
        "repo": "hyprcursor",
        "type": "github"
      }
    },
    "hyprland": {
      "inputs": {
        "hyprcursor": "hyprcursor",
        "hyprland-protocols": "hyprland-protocols",
        "hyprlang": "hyprlang_2",
        "nixpkgs": [
          "nixpkgs"
        ],
        "systems": "systems_5",
        "wlroots": "wlroots",
        "xdph": "xdph"
      },
      "locked": {
        "lastModified": 1711940051,
        "narHash": "sha256-GyuIbH0+XOtFmugiVNrJfCSCPmgzcXr2PB6JDhjuZvc=",
        "owner": "hyprwm",
        "repo": "Hyprland",
        "rev": "416b3d6167a996c7e94bd537cec20a12a0784efa",
        "type": "github"
      },
      "original": {
        "owner": "hyprwm",
        "repo": "Hyprland",
        "type": "github"
      }
    },
    "hyprland-protocols": {
      "inputs": {
        "nixpkgs": [
          "hyprland",
          "nixpkgs"
        ],
        "systems": [
          "hyprland",
          "systems"
        ]
      },
      "locked": {
        "lastModified": 1691753796,
        "narHash": "sha256-zOEwiWoXk3j3+EoF3ySUJmberFewWlagvewDRuWYAso=",
        "owner": "hyprwm",
        "repo": "hyprland-protocols",
        "rev": "0c2ce70625cb30aef199cb388f99e19a61a6ce03",
        "type": "github"
      },
      "original": {
        "owner": "hyprwm",
        "repo": "hyprland-protocols",
        "type": "github"
      }
    },
    "hyprlang": {
      "inputs": {
        "nixpkgs": [
          "hyprland",
          "hyprcursor",
          "nixpkgs"
        ],
        "systems": "systems_4"
      },
      "locked": {
        "lastModified": 1709914708,
        "narHash": "sha256-bR4o3mynoTa1Wi4ZTjbnsZ6iqVcPGriXp56bZh5UFTk=",
        "owner": "hyprwm",
        "repo": "hyprlang",
        "rev": "a685493fdbeec01ca8ccdf1f3655c044a8ce2fe2",
        "type": "github"
      },
      "original": {
        "owner": "hyprwm",
        "repo": "hyprlang",
        "type": "github"
      }
    },
    "hyprlang_2": {
      "inputs": {
        "nixpkgs": [
          "hyprland",
          "nixpkgs"
        ],
        "systems": [
          "hyprland",
          "systems"
        ]
      },
      "locked": {
        "lastModified": 1711250455,
        "narHash": "sha256-LSq1ZsTpeD7xsqvlsepDEelWRDtAhqwetp6PusHXJRo=",
        "owner": "hyprwm",
        "repo": "hyprlang",
        "rev": "b3e430f81f3364c5dd1a3cc9995706a4799eb3fa",
        "type": "github"
      },
      "original": {
        "owner": "hyprwm",
        "repo": "hyprlang",
        "type": "github"
      }
    },
    "naersk": {
      "inputs": {
        "nixpkgs": "nixpkgs_2"
      },
      "locked": {
        "lastModified": 1698420672,
        "narHash": "sha256-/TdeHMPRjjdJub7p7+w55vyABrsJlt5QkznPYy55vKA=",
        "owner": "nix-community",
        "repo": "naersk",
        "rev": "aeb58d5e8faead8980a807c840232697982d47b9",
        "type": "github"
      },
      "original": {
        "owner": "nix-community",
        "repo": "naersk",
        "type": "github"
      }
    },
    "nix-index-database": {
      "inputs": {
        "nixpkgs": [
          "nixpkgs"
        ]
      },
      "locked": {
        "lastModified": 1711854532,
        "narHash": "sha256-JPStavwlT7TfxxiXHk6Q7sbNxtnXAIjXQJMLO0KB6M0=",
        "owner": "nix-community",
        "repo": "nix-index-database",
        "rev": "2844b5f3ad3b478468151bd101370b9d8ef8a3a7",
        "type": "github"
      },
      "original": {
        "owner": "nix-community",
        "repo": "nix-index-database",
        "type": "github"
      }
    },
    "nix-vscode-extensions": {
      "inputs": {
        "flake-compat": "flake-compat",
        "flake-utils": "flake-utils_4",
        "nixpkgs": "nixpkgs_7"
      },
      "locked": {
        "lastModified": 1711934525,
        "narHash": "sha256-nMRgXVApeacHoO+R6ap5Y1Did+qng0z/eBG8L7jFgJY=",
        "owner": "nix-community",
        "repo": "nix-vscode-extensions",
        "rev": "b2ca2718d4953bc2b41592d2a6b76e3d28236e69",
        "type": "github"
      },
      "original": {
        "owner": "nix-community",
        "repo": "nix-vscode-extensions",
        "type": "github"
      }
    },
    "nixpkgs": {
      "locked": {
        "lastModified": 1704842529,
        "narHash": "sha256-OTeQA+F8d/Evad33JMfuXC89VMetQbsU4qcaePchGr4=",
        "owner": "NixOS",
        "repo": "nixpkgs",
        "rev": "eabe8d3eface69f5bb16c18f8662a702f50c20d5",
        "type": "github"
      },
      "original": {
        "id": "nixpkgs",
        "type": "indirect"
      }
    },
    "nixpkgs_2": {
      "locked": {
        "lastModified": 1698336494,
        "narHash": "sha256-sO72WDBKyijYD1GcKPlGsycKbMBiTJMBCnmOxLAs880=",
        "owner": "NixOS",
        "repo": "nixpkgs",
        "rev": "808c0d8c53c7ae50f82aca8e7df263225cf235bf",
        "type": "github"
      },
      "original": {
        "id": "nixpkgs",
        "type": "indirect"
      }
    },
    "nixpkgs_3": {
      "locked": {
        "lastModified": 1698318101,
        "narHash": "sha256-gUihHt3yPD7bVqg+k/UVHgngyaJ3DMEBchbymBMvK1E=",
        "owner": "nixos",
        "repo": "nixpkgs",
        "rev": "63678e9f3d3afecfeafa0acead6239cdb447574c",
        "type": "github"
      },
      "original": {
        "owner": "nixos",
        "ref": "nixos-unstable",
        "repo": "nixpkgs",
        "type": "github"
      }
    },
    "nixpkgs_4": {
      "locked": {
        "lastModified": 1711703276,
        "narHash": "sha256-iMUFArF0WCatKK6RzfUJknjem0H9m4KgorO/p3Dopkk=",
        "owner": "nixos",
        "repo": "nixpkgs",
        "rev": "d8fe5e6c92d0d190646fb9f1056741a229980089",
        "type": "github"
      },
      "original": {
        "owner": "nixos",
        "ref": "nixos-unstable",
        "repo": "nixpkgs",
        "type": "github"
      }
    },
    "nixpkgs_5": {
      "locked": {
        "lastModified": 1691990649,
        "narHash": "sha256-gMbKOiX1HwClRP9lADaaV/lnZr93NEaOFe4ApDx/zd8=",
        "owner": "nixos",
        "repo": "nixpkgs",
        "rev": "6e287913f7b1ef537c97aa301b67c34ea46b640f",
        "type": "github"
      },
      "original": {
        "owner": "nixos",
        "ref": "nixos-unstable",
        "repo": "nixpkgs",
        "type": "github"
      }
    },
    "nixpkgs_6": {
      "locked": {
        "lastModified": 1699065553,
        "narHash": "sha256-j8UmH8fqXcOgL6WrlMcvV2m2XQ6OzU0IBucyuJ0vnyQ=",
        "owner": "NixOS",
        "repo": "nixpkgs",
        "rev": "8ab9c53eee434651ce170dee1d9727b974e9a6b6",
        "type": "github"
      },
      "original": {
        "id": "nixpkgs",
        "type": "indirect"
      }
    },
    "nixpkgs_7": {
      "locked": {
        "lastModified": 1684570954,
        "narHash": "sha256-FX5y4Sm87RWwfu9PI71XFvuRpZLowh00FQpIJ1WfXqE=",
        "owner": "NixOS",
        "repo": "nixpkgs",
        "rev": "3005f20ce0aaa58169cdee57c8aa12e5f1b6e1b3",
        "type": "github"
      },
      "original": {
        "owner": "NixOS",
        "ref": "nixos-unstable",
        "repo": "nixpkgs",
        "type": "github"
      }
    },
    "nixpkgs_8": {
      "locked": {
        "lastModified": 1711703276,
        "narHash": "sha256-iMUFArF0WCatKK6RzfUJknjem0H9m4KgorO/p3Dopkk=",
        "owner": "NixOS",
        "repo": "nixpkgs",
        "rev": "d8fe5e6c92d0d190646fb9f1056741a229980089",
        "type": "github"
      },
      "original": {
        "owner": "NixOS",
        "ref": "nixos-unstable",
        "repo": "nixpkgs",
        "type": "github"
      }
    },
    "queercat": {
      "inputs": {
        "flake-utils": "flake-utils_3",
        "nixpkgs": "nixpkgs_5"
      },
      "locked": {
        "lastModified": 1692153786,
        "narHash": "sha256-vuptTok94+o/17AzSJ/9QsWQ5d3ymxlaBFv/XaL9E4g=",
        "owner": "Elsa002",
        "repo": "queercat",
        "rev": "b4131203a55daf87241ecb80cc73bf4bfe090561",
        "type": "github"
      },
      "original": {
        "owner": "Elsa002",
        "repo": "queercat",
        "type": "github"
      }
    },
    "root": {
      "inputs": {
        "git-flakes": "git-flakes",
        "home-manager": "home-manager",
        "hyprland": "hyprland",
        "nix-index-database": "nix-index-database",
        "nix-vscode-extensions": "nix-vscode-extensions",
        "nixpkgs": "nixpkgs_8"
      }
    },
    "rust-analyzer-src": {
      "flake": false,
      "locked": {
        "lastModified": 1698337999,
        "narHash": "sha256-UHk2hKVUN+t2v5x3u6un7FGA9Xlzs6gArs7Hi/FJXJs=",
        "owner": "rust-lang",
        "repo": "rust-analyzer",
        "rev": "46c395d57090f2ec5784d7fcad57a130911e44f7",
        "type": "github"
      },
      "original": {
        "owner": "rust-lang",
        "ref": "nightly",
        "repo": "rust-analyzer",
        "type": "github"
      }
    },
    "stremio": {
      "inputs": {
        "nixpkgs": "nixpkgs_6",
        "stremio": "stremio_2"
      },
      "locked": {
        "lastModified": 1,
        "narHash": "sha256-EZbZxecAQiv6TBQNiH22BW0v4Vwn/OASwfw4TAwcuw8=",
        "path": "/nix/store/42i1pgcz1cm2ak9m1gxfpblhya79639s-source/stremio",
        "type": "path"
      },
      "original": {
        "path": "/nix/store/42i1pgcz1cm2ak9m1gxfpblhya79639s-source/stremio",
        "type": "path"
      }
    },
    "stremio_2": {
      "flake": false,
      "locked": {
        "lastModified": 1625666797,
        "narHash": "sha256-OyuTFmEIC8PH4PDzTMn8ibLUAzJoPA/fTILee0xpgQI=",
        "ref": "refs/tags/v4.4.142",
        "rev": "77e7925f4ba895190b44535f80404e573fb537bb",
        "revCount": 735,
        "submodules": true,
        "type": "git",
        "url": "https://github.com/Stremio/stremio-shell/"
      },
      "original": {
        "ref": "refs/tags/v4.4.142",
        "submodules": true,
        "type": "git",
        "url": "https://github.com/Stremio/stremio-shell/"
      }
    },
    "systems": {
      "locked": {
        "lastModified": 1681028828,
        "narHash": "sha256-Vy1rq5AaRuLzOxct8nz4T6wlgyUR7zLU309k9mBC768=",
        "owner": "nix-systems",
        "repo": "default",
        "rev": "da67096a3b9bf56a91d16901293e51ba5b49a27e",
        "type": "github"
      },
      "original": {
        "owner": "nix-systems",
        "repo": "default",
        "type": "github"
      }
    },
    "systems_2": {
      "locked": {
        "lastModified": 1681028828,
        "narHash": "sha256-Vy1rq5AaRuLzOxct8nz4T6wlgyUR7zLU309k9mBC768=",
        "owner": "nix-systems",
        "repo": "default",
        "rev": "da67096a3b9bf56a91d16901293e51ba5b49a27e",
        "type": "github"
      },
      "original": {
        "owner": "nix-systems",
        "repo": "default",
        "type": "github"
      }
    },
    "systems_3": {
      "locked": {
        "lastModified": 1681028828,
        "narHash": "sha256-Vy1rq5AaRuLzOxct8nz4T6wlgyUR7zLU309k9mBC768=",
        "owner": "nix-systems",
        "repo": "default",
        "rev": "da67096a3b9bf56a91d16901293e51ba5b49a27e",
        "type": "github"
      },
      "original": {
        "owner": "nix-systems",
        "repo": "default",
        "type": "github"
      }
    },
    "systems_4": {
      "locked": {
        "lastModified": 1689347949,
        "narHash": "sha256-12tWmuL2zgBgZkdoB6qXZsgJEH9LR3oUgpaQq2RbI80=",
        "owner": "nix-systems",
        "repo": "default-linux",
        "rev": "31732fcf5e8fea42e59c2488ad31a0e651500f68",
        "type": "github"
      },
      "original": {
        "owner": "nix-systems",
        "repo": "default-linux",
        "type": "github"
      }
    },
    "systems_5": {
      "locked": {
        "lastModified": 1689347949,
        "narHash": "sha256-12tWmuL2zgBgZkdoB6qXZsgJEH9LR3oUgpaQq2RbI80=",
        "owner": "nix-systems",
        "repo": "default-linux",
        "rev": "31732fcf5e8fea42e59c2488ad31a0e651500f68",
        "type": "github"
      },
      "original": {
        "owner": "nix-systems",
        "repo": "default-linux",
        "type": "github"
      }
    },
    "systems_6": {
      "locked": {
        "lastModified": 1681028828,
        "narHash": "sha256-Vy1rq5AaRuLzOxct8nz4T6wlgyUR7zLU309k9mBC768=",
        "owner": "nix-systems",
        "repo": "default",
        "rev": "da67096a3b9bf56a91d16901293e51ba5b49a27e",
        "type": "github"
      },
      "original": {
        "owner": "nix-systems",
        "repo": "default",
        "type": "github"
      }
    },
    "wlroots": {
      "flake": false,
      "locked": {
        "host": "gitlab.freedesktop.org",
        "lastModified": 1709983277,
        "narHash": "sha256-wXWIJLd4F2JZeMaihWVDW/yYXCLEC8OpeNJZg9a9ly8=",
        "owner": "wlroots",
        "repo": "wlroots",
        "rev": "50eae512d9cecbf0b3b1898bb1f0b40fa05fe19b",
        "type": "gitlab"
      },
      "original": {
        "host": "gitlab.freedesktop.org",
        "owner": "wlroots",
        "repo": "wlroots",
        "rev": "50eae512d9cecbf0b3b1898bb1f0b40fa05fe19b",
        "type": "gitlab"
      }
    },
    "xdph": {
      "inputs": {
        "hyprland-protocols": [
          "hyprland",
          "hyprland-protocols"
        ],
        "hyprlang": [
          "hyprland",
          "hyprlang"
        ],
        "nixpkgs": [
          "hyprland",
          "nixpkgs"
        ],
        "systems": [
          "hyprland",
          "systems"
        ]
      },
      "locked": {
        "lastModified": 1709299639,
        "narHash": "sha256-jYqJM5khksLIbqSxCLUUcqEgI+O2LdlSlcMEBs39CAU=",
        "owner": "hyprwm",
        "repo": "xdg-desktop-portal-hyprland",
        "rev": "2d2fb547178ec025da643db57d40a971507b82fe",
        "type": "github"
      },
      "original": {
        "owner": "hyprwm",
        "repo": "xdg-desktop-portal-hyprland",
        "type": "github"
      }
    }
  },
  "root": "root",
  "version": 7
}
