{
  "nodes": {
    "bunbun": {
      "inputs": {
        "nixpkgs-unstable": "nixpkgs-unstable",
        "utils": "utils"
      },
      "locked": {
        "lastModified": 1728462013,
        "narHash": "sha256-GIk39ArcViaFsoASPSjsVyD2KZMvgHJ7pjW1CF1Siqk=",
        "owner": "devraza",
        "repo": "bunbun",
        "rev": "996d82a836f69d416c09e4d8c4d3f911816602a1",
        "type": "github"
      },
      "original": {
        "owner": "devraza",
        "repo": "bunbun",
        "type": "github"
      }
    },
    "display3d": {
      "inputs": {
        "display3d": "display3d_2",
        "nixpkgs": "nixpkgs"
      },
      "locked": {
        "lastModified": 1,
        "narHash": "sha256-vQ6lbispVaV1tQ6zwGQzHVp6CAOMP0ASwN1fBPRYjBY=",
        "path": "/nix/store/h1bg0wwyq4awqk01bcb09jdan29mi3fa-source/git-flakes/display3d",
        "type": "path"
      },
      "original": {
        "path": "/nix/store/h1bg0wwyq4awqk01bcb09jdan29mi3fa-source/git-flakes/display3d",
        "type": "path"
      }
    },
    "display3d_2": {
      "flake": false,
      "locked": {
        "lastModified": 1704671692,
        "narHash": "sha256-TjfDg8uIdrLY+wo7iZMYJQVumTR3y2LJjIWdNAXpI4w=",
        "ref": "refs/heads/master",
        "rev": "dfb2438522acad495d9909b35caf526c74c1a1af",
        "revCount": 45,
        "submodules": true,
        "type": "git",
        "url": "https://github.com/redpenguinyt/display3d"
      },
      "original": {
        "submodules": true,
        "type": "git",
        "url": "https://github.com/redpenguinyt/display3d"
      }
    },
    "fenix": {
      "inputs": {
        "nixpkgs": [
          "grompt",
          "nixpkgs"
        ],
        "rust-analyzer-src": "rust-analyzer-src"
      },
      "locked": {
        "lastModified": 1712816664,
        "narHash": "sha256-kPIVs2ATag+gm1CiWCJ+qcVQVR89w2eh/Cg4g1Xph70=",
        "owner": "nix-community",
        "repo": "fenix",
        "rev": "94f8df6a8e52447af72a1a0008eccf4a099b6d25",
        "type": "github"
      },
      "original": {
        "owner": "nix-community",
        "repo": "fenix",
        "type": "github"
      }
    },
    "fenix_2": {
      "inputs": {
        "nixpkgs": [
          "grompt-prompt",
          "nixpkgs"
        ],
        "rust-analyzer-src": "rust-analyzer-src_2"
      },
      "locked": {
        "lastModified": 1712816664,
        "narHash": "sha256-kPIVs2ATag+gm1CiWCJ+qcVQVR89w2eh/Cg4g1Xph70=",
        "owner": "nix-community",
        "repo": "fenix",
        "rev": "94f8df6a8e52447af72a1a0008eccf4a099b6d25",
        "type": "github"
      },
      "original": {
        "owner": "nix-community",
        "repo": "fenix",
        "type": "github"
      }
    },
    "fenix_3": {
      "inputs": {
        "nixpkgs": [
          "nfs-check",
          "nixpkgs"
        ],
        "rust-analyzer-src": "rust-analyzer-src_3"
      },
      "locked": {
        "lastModified": 1727850840,
        "narHash": "sha256-i6lz63lPiRnInxCB19UGd2IkHo/SNE1kNq2M+jTRpLQ=",
        "owner": "nix-community",
        "repo": "fenix",
        "rev": "b85dddb88366113db4616a64925a8b2a23854f98",
        "type": "github"
      },
      "original": {
        "owner": "nix-community",
        "repo": "fenix",
        "type": "github"
      }
    },
    "flake-utils": {
      "inputs": {
        "systems": "systems_2"
      },
      "locked": {
        "lastModified": 1726560853,
        "narHash": "sha256-X6rJYSESBVr3hBoH0WbKE5KvhPU5bloyZ2L4K60/fPQ=",
        "owner": "numtide",
        "repo": "flake-utils",
        "rev": "c1dfcf08411b08f6b8615f7d8971a2bfa81d5e8a",
        "type": "github"
      },
      "original": {
        "owner": "numtide",
        "repo": "flake-utils",
        "type": "github"
      }
    },
    "flake-utils_2": {
      "inputs": {
        "systems": "systems_3"
      },
      "locked": {
        "lastModified": 1710146030,
        "narHash": "sha256-SZ5L6eA7HJ/nmkzGG7/ISclqe6oZdOZTNoesiInkXPQ=",
        "owner": "numtide",
        "repo": "flake-utils",
        "rev": "b1d9ab70662946ef0850d488da1c9019f3a9752a",
        "type": "github"
      },
      "original": {
        "owner": "numtide",
        "repo": "flake-utils",
        "type": "github"
      }
    },
    "flake-utils_3": {
      "inputs": {
        "systems": "systems_4"
      },
      "locked": {
        "lastModified": 1710146030,
        "narHash": "sha256-SZ5L6eA7HJ/nmkzGG7/ISclqe6oZdOZTNoesiInkXPQ=",
        "owner": "numtide",
        "repo": "flake-utils",
        "rev": "b1d9ab70662946ef0850d488da1c9019f3a9752a",
        "type": "github"
      },
      "original": {
        "owner": "numtide",
        "repo": "flake-utils",
        "type": "github"
      }
    },
    "flake-utils_4": {
      "inputs": {
        "systems": "systems_5"
      },
      "locked": {
        "lastModified": 1726560853,
        "narHash": "sha256-X6rJYSESBVr3hBoH0WbKE5KvhPU5bloyZ2L4K60/fPQ=",
        "owner": "numtide",
        "repo": "flake-utils",
        "rev": "c1dfcf08411b08f6b8615f7d8971a2bfa81d5e8a",
        "type": "github"
      },
      "original": {
        "owner": "numtide",
        "repo": "flake-utils",
        "type": "github"
      }
    },
    "flake-utils_5": {
      "inputs": {
        "systems": "systems_6"
      },
      "locked": {
        "lastModified": 1689068808,
        "narHash": "sha256-6ixXo3wt24N/melDWjq70UuHQLxGV8jZvooRanIHXw0=",
        "owner": "numtide",
        "repo": "flake-utils",
        "rev": "919d646de7be200f3bf08cb76ae1f09402b6f9b4",
        "type": "github"
      },
      "original": {
        "owner": "numtide",
        "repo": "flake-utils",
        "type": "github"
      }
    },
    "grompt": {
      "inputs": {
        "fenix": "fenix",
        "flake-utils": "flake-utils_2",
        "naersk": "naersk",
        "nixpkgs": "nixpkgs_3"
      },
      "locked": {
        "lastModified": 1712867478,
        "narHash": "sha256-d0cZpPOkXyZA/EHMUr9xrMCQsiOPwDmlMveKxpwPGiM=",
        "owner": "loafey",
        "repo": "grompt",
        "rev": "142e1aaa1df007e4b02acf95be819a2a0b2fd742",
        "type": "github"
      },
      "original": {
        "owner": "loafey",
        "repo": "grompt",
        "type": "github"
      }
    },
    "grompt-prompt": {
      "inputs": {
        "fenix": "fenix_2",
        "flake-utils": "flake-utils_3",
        "naersk": "naersk_2",
        "nixpkgs": "nixpkgs_5"
      },
      "locked": {
        "lastModified": 1715549243,
        "narHash": "sha256-18qqf6WHlPO6YzXQBwiiL9JMUXXey4N5pDmNWkmz6FA=",
        "owner": "loafey",
        "repo": "grompt-prompt",
        "rev": "1f8b484bf8b5265dc960c09152335100ef913dcb",
        "type": "github"
      },
      "original": {
        "owner": "loafey",
        "repo": "grompt-prompt",
        "type": "github"
      }
    },
    "naersk": {
      "inputs": {
        "nixpkgs": "nixpkgs_2"
      },
      "locked": {
        "lastModified": 1698420672,
        "narHash": "sha256-/TdeHMPRjjdJub7p7+w55vyABrsJlt5QkznPYy55vKA=",
        "owner": "nix-community",
        "repo": "naersk",
        "rev": "aeb58d5e8faead8980a807c840232697982d47b9",
        "type": "github"
      },
      "original": {
        "owner": "nix-community",
        "repo": "naersk",
        "type": "github"
      }
    },
    "naersk_2": {
      "inputs": {
        "nixpkgs": "nixpkgs_4"
      },
      "locked": {
        "lastModified": 1698420672,
        "narHash": "sha256-/TdeHMPRjjdJub7p7+w55vyABrsJlt5QkznPYy55vKA=",
        "owner": "nix-community",
        "repo": "naersk",
        "rev": "aeb58d5e8faead8980a807c840232697982d47b9",
        "type": "github"
      },
      "original": {
        "owner": "nix-community",
        "repo": "naersk",
        "type": "github"
      }
    },
    "naersk_3": {
      "inputs": {
        "nixpkgs": "nixpkgs_6"
      },
      "locked": {
        "lastModified": 1721727458,
        "narHash": "sha256-r/xppY958gmZ4oTfLiHN0ZGuQ+RSTijDblVgVLFi1mw=",
        "owner": "nix-community",
        "repo": "naersk",
        "rev": "3fb418eaf352498f6b6c30592e3beb63df42ef11",
        "type": "github"
      },
      "original": {
        "owner": "nix-community",
        "repo": "naersk",
        "type": "github"
      }
    },
    "nfs-check": {
      "inputs": {
        "fenix": "fenix_3",
        "flake-utils": "flake-utils_4",
        "naersk": "naersk_3",
        "nixpkgs": "nixpkgs_7"
      },
      "locked": {
        "lastModified": 1727879023,
        "narHash": "sha256-XRjKgP+prlLL2aknMKCWFQ/YKVrXDocVV5RVwGIxVTQ=",
        "owner": "loafey",
        "repo": "nfs-check",
        "rev": "8203373a19aa90bf7c570987004fc379a3e6bbf8",
        "type": "github"
      },
      "original": {
        "owner": "loafey",
        "repo": "nfs-check",
        "type": "github"
      }
    },
    "nixpkgs": {
      "locked": {
        "lastModified": 1704842529,
        "narHash": "sha256-OTeQA+F8d/Evad33JMfuXC89VMetQbsU4qcaePchGr4=",
        "owner": "NixOS",
        "repo": "nixpkgs",
        "rev": "eabe8d3eface69f5bb16c18f8662a702f50c20d5",
        "type": "github"
      },
      "original": {
        "id": "nixpkgs",
        "type": "indirect"
      }
    },
    "nixpkgs-unstable": {
      "locked": {
        "lastModified": 1716509168,
        "narHash": "sha256-4zSIhSRRIoEBwjbPm3YiGtbd8HDWzFxJjw5DYSDy1n8=",
        "owner": "nixos",
        "repo": "nixpkgs",
        "rev": "bfb7a882678e518398ce9a31a881538679f6f092",
        "type": "github"
      },
      "original": {
        "owner": "nixos",
        "ref": "nixos-unstable",
        "repo": "nixpkgs",
        "type": "github"
      }
    },
    "nixpkgs_10": {
      "locked": {
        "lastModified": 1699065553,
        "narHash": "sha256-j8UmH8fqXcOgL6WrlMcvV2m2XQ6OzU0IBucyuJ0vnyQ=",
        "owner": "NixOS",
        "repo": "nixpkgs",
        "rev": "8ab9c53eee434651ce170dee1d9727b974e9a6b6",
        "type": "github"
      },
      "original": {
        "id": "nixpkgs",
        "type": "indirect"
      }
    },
    "nixpkgs_2": {
      "locked": {
        "lastModified": 0,
        "narHash": "sha256-vMZ5603yU0wxgyQeHJryOI+O61yrX2AHwY6LOFyV1gM=",
        "path": "/nix/store/450afzqlzzgw6wnyc3dwysf3i5yxyqkr-source",
        "type": "path"
      },
      "original": {
        "id": "nixpkgs",
        "type": "indirect"
      }
    },
    "nixpkgs_3": {
      "locked": {
        "lastModified": 1712608508,
        "narHash": "sha256-vMZ5603yU0wxgyQeHJryOI+O61yrX2AHwY6LOFyV1gM=",
        "owner": "nixos",
        "repo": "nixpkgs",
        "rev": "4cba8b53da471aea2ab2b0c1f30a81e7c451f4b6",
        "type": "github"
      },
      "original": {
        "owner": "nixos",
        "ref": "nixos-unstable",
        "repo": "nixpkgs",
        "type": "github"
      }
    },
    "nixpkgs_4": {
      "locked": {
        "lastModified": 0,
        "narHash": "sha256-vMZ5603yU0wxgyQeHJryOI+O61yrX2AHwY6LOFyV1gM=",
        "path": "/nix/store/450afzqlzzgw6wnyc3dwysf3i5yxyqkr-source",
        "type": "path"
      },
      "original": {
        "id": "nixpkgs",
        "type": "indirect"
      }
    },
    "nixpkgs_5": {
      "locked": {
        "lastModified": 1712608508,
        "narHash": "sha256-vMZ5603yU0wxgyQeHJryOI+O61yrX2AHwY6LOFyV1gM=",
        "owner": "nixos",
        "repo": "nixpkgs",
        "rev": "4cba8b53da471aea2ab2b0c1f30a81e7c451f4b6",
        "type": "github"
      },
      "original": {
        "owner": "nixos",
        "ref": "nixos-unstable",
        "repo": "nixpkgs",
        "type": "github"
      }
    },
    "nixpkgs_6": {
      "locked": {
        "lastModified": 0,
        "narHash": "sha256-J+PeFKSDV+pHL7ukkfpVzCOO7mBSrrpJ3svwBFABbhI=",
        "path": "/nix/store/fpivx4sjcp2vk4rp9nhliln5cwcp3kc6-source",
        "type": "path"
      },
      "original": {
        "id": "nixpkgs",
        "type": "indirect"
      }
    },
    "nixpkgs_7": {
      "locked": {
        "lastModified": 1727634051,
        "narHash": "sha256-S5kVU7U82LfpEukbn/ihcyNt2+EvG7Z5unsKW9H/yFA=",
        "owner": "nixos",
        "repo": "nixpkgs",
        "rev": "06cf0e1da4208d3766d898b7fdab6513366d45b9",
        "type": "github"
      },
      "original": {
        "owner": "nixos",
        "ref": "nixos-unstable",
        "repo": "nixpkgs",
        "type": "github"
      }
    },
    "nixpkgs_8": {
      "locked": {
        "lastModified": 1729665710,
        "narHash": "sha256-AlcmCXJZPIlO5dmFzV3V2XF6x/OpNWUV8Y/FMPGd8Z4=",
        "owner": "nixos",
        "repo": "nixpkgs",
        "rev": "2768c7d042a37de65bb1b5b3268fc987e534c49d",
        "type": "github"
      },
      "original": {
        "owner": "nixos",
        "ref": "nixos-unstable",
        "repo": "nixpkgs",
        "type": "github"
      }
    },
    "nixpkgs_9": {
      "locked": {
        "lastModified": 1691990649,
        "narHash": "sha256-gMbKOiX1HwClRP9lADaaV/lnZr93NEaOFe4ApDx/zd8=",
        "owner": "nixos",
        "repo": "nixpkgs",
        "rev": "6e287913f7b1ef537c97aa301b67c34ea46b640f",
        "type": "github"
      },
      "original": {
        "owner": "nixos",
        "ref": "nixos-unstable",
        "repo": "nixpkgs",
        "type": "github"
      }
    },
    "queercat": {
      "inputs": {
        "flake-utils": "flake-utils_5",
        "nixpkgs": "nixpkgs_9"
      },
      "locked": {
        "lastModified": 1692153786,
        "narHash": "sha256-vuptTok94+o/17AzSJ/9QsWQ5d3ymxlaBFv/XaL9E4g=",
        "owner": "Elsa002",
        "repo": "queercat",
        "rev": "b4131203a55daf87241ecb80cc73bf4bfe090561",
        "type": "github"
      },
      "original": {
        "owner": "Elsa002",
        "repo": "queercat",
        "type": "github"
      }
    },
    "root": {
      "inputs": {
        "bunbun": "bunbun",
        "display3d": "display3d",
        "flake-utils": "flake-utils",
        "grompt": "grompt",
        "grompt-prompt": "grompt-prompt",
        "nfs-check": "nfs-check",
        "nixpkgs": "nixpkgs_8",
        "queercat": "queercat",
        "stremio": "stremio"
      }
    },
    "rust-analyzer-src": {
      "flake": false,
      "locked": {
        "lastModified": 1712663608,
        "narHash": "sha256-tN9ZL6kGppmHg84lxlpAlaN+kXWNctKK7Yitq/iXDEw=",
        "owner": "rust-lang",
        "repo": "rust-analyzer",
        "rev": "a5feb4f05f09adca661c869b1bf2324898cbaa43",
        "type": "github"
      },
      "original": {
        "owner": "rust-lang",
        "ref": "nightly",
        "repo": "rust-analyzer",
        "type": "github"
      }
    },
    "rust-analyzer-src_2": {
      "flake": false,
      "locked": {
        "lastModified": 1712663608,
        "narHash": "sha256-tN9ZL6kGppmHg84lxlpAlaN+kXWNctKK7Yitq/iXDEw=",
        "owner": "rust-lang",
        "repo": "rust-analyzer",
        "rev": "a5feb4f05f09adca661c869b1bf2324898cbaa43",
        "type": "github"
      },
      "original": {
        "owner": "rust-lang",
        "ref": "nightly",
        "repo": "rust-analyzer",
        "type": "github"
      }
    },
    "rust-analyzer-src_3": {
      "flake": false,
      "locked": {
        "lastModified": 1727778987,
        "narHash": "sha256-OTI1eKQ3WIkj6q8PROpPY1vhaxYRdiS1btSfBowQPps=",
        "owner": "rust-lang",
        "repo": "rust-analyzer",
        "rev": "e1a76671af2fbc74c84c18ba18fcda5e653d7531",
        "type": "github"
      },
      "original": {
        "owner": "rust-lang",
        "ref": "nightly",
        "repo": "rust-analyzer",
        "type": "github"
      }
    },
    "stremio": {
      "inputs": {
        "nixpkgs": "nixpkgs_10",
        "stremio": "stremio_2"
      },
      "locked": {
        "lastModified": 1,
        "narHash": "sha256-5hgR2VdOTMm2UPPk9PvQJLlYFN5emc2AGyg1gWcTHmM=",
        "path": "/nix/store/h1bg0wwyq4awqk01bcb09jdan29mi3fa-source/git-flakes/stremio",
        "type": "path"
      },
      "original": {
        "path": "/nix/store/h1bg0wwyq4awqk01bcb09jdan29mi3fa-source/git-flakes/stremio",
        "type": "path"
      }
    },
    "stremio_2": {
      "flake": false,
      "locked": {
        "lastModified": 1711535500,
        "narHash": "sha256-pz1mie0kJov06GcyitvZu5Gg0Vz3YnigjDqFujGKqZM=",
        "ref": "refs/tags/v4.4.168",
        "rev": "7cd1203b6364edee148b24a08830e3f57ebe1029",
        "revCount": 847,
        "submodules": true,
        "type": "git",
        "url": "https://github.com/Stremio/stremio-shell/"
      },
      "original": {
        "ref": "refs/tags/v4.4.168",
        "submodules": true,
        "type": "git",
        "url": "https://github.com/Stremio/stremio-shell/"
      }
    },
    "systems": {
      "locked": {
        "lastModified": 1681028828,
        "narHash": "sha256-Vy1rq5AaRuLzOxct8nz4T6wlgyUR7zLU309k9mBC768=",
        "owner": "nix-systems",
        "repo": "default",
        "rev": "da67096a3b9bf56a91d16901293e51ba5b49a27e",
        "type": "github"
      },
      "original": {
        "owner": "nix-systems",
        "repo": "default",
        "type": "github"
      }
    },
    "systems_2": {
      "locked": {
        "lastModified": 1681028828,
        "narHash": "sha256-Vy1rq5AaRuLzOxct8nz4T6wlgyUR7zLU309k9mBC768=",
        "owner": "nix-systems",
        "repo": "default",
        "rev": "da67096a3b9bf56a91d16901293e51ba5b49a27e",
        "type": "github"
      },
      "original": {
        "owner": "nix-systems",
        "repo": "default",
        "type": "github"
      }
    },
    "systems_3": {
      "locked": {
        "lastModified": 1681028828,
        "narHash": "sha256-Vy1rq5AaRuLzOxct8nz4T6wlgyUR7zLU309k9mBC768=",
        "owner": "nix-systems",
        "repo": "default",
        "rev": "da67096a3b9bf56a91d16901293e51ba5b49a27e",
        "type": "github"
      },
      "original": {
        "owner": "nix-systems",
        "repo": "default",
        "type": "github"
      }
    },
    "systems_4": {
      "locked": {
        "lastModified": 1681028828,
        "narHash": "sha256-Vy1rq5AaRuLzOxct8nz4T6wlgyUR7zLU309k9mBC768=",
        "owner": "nix-systems",
        "repo": "default",
        "rev": "da67096a3b9bf56a91d16901293e51ba5b49a27e",
        "type": "github"
      },
      "original": {
        "owner": "nix-systems",
        "repo": "default",
        "type": "github"
      }
    },
    "systems_5": {
      "locked": {
        "lastModified": 1681028828,
        "narHash": "sha256-Vy1rq5AaRuLzOxct8nz4T6wlgyUR7zLU309k9mBC768=",
        "owner": "nix-systems",
        "repo": "default",
        "rev": "da67096a3b9bf56a91d16901293e51ba5b49a27e",
        "type": "github"
      },
      "original": {
        "owner": "nix-systems",
        "repo": "default",
        "type": "github"
      }
    },
    "systems_6": {
      "locked": {
        "lastModified": 1681028828,
        "narHash": "sha256-Vy1rq5AaRuLzOxct8nz4T6wlgyUR7zLU309k9mBC768=",
        "owner": "nix-systems",
        "repo": "default",
        "rev": "da67096a3b9bf56a91d16901293e51ba5b49a27e",
        "type": "github"
      },
      "original": {
        "owner": "nix-systems",
        "repo": "default",
        "type": "github"
      }
    },
    "utils": {
      "inputs": {
        "systems": "systems"
      },
      "locked": {
        "lastModified": 1710146030,
        "narHash": "sha256-SZ5L6eA7HJ/nmkzGG7/ISclqe6oZdOZTNoesiInkXPQ=",
        "owner": "numtide",
        "repo": "flake-utils",
        "rev": "b1d9ab70662946ef0850d488da1c9019f3a9752a",
        "type": "github"
      },
      "original": {
        "owner": "numtide",
        "repo": "flake-utils",
        "type": "github"
      }
    }
  },
  "root": "root",
  "version": 7
}
