{
  "nodes": {
    "display3d": {
      "flake": false,
      "locked": {
        "lastModified": 1704671692,
        "narHash": "sha256-TjfDg8uIdrLY+wo7iZMYJQVumTR3y2LJjIWdNAXpI4w=",
        "ref": "refs/heads/master",
        "rev": "dfb2438522acad495d9909b35caf526c74c1a1af",
        "revCount": 45,
        "submodules": true,
        "type": "git",
        "url": "https://github.com/redpenguinyt/display3d"
      },
      "original": {
        "submodules": true,
        "type": "git",
        "url": "https://github.com/redpenguinyt/display3d"
      }
    },
    "nixpkgs": {
      "locked": {
        "lastModified": 1704842529,
        "narHash": "sha256-OTeQA+F8d/Evad33JMfuXC89VMetQbsU4qcaePchGr4=",
        "owner": "NixOS",
        "repo": "nixpkgs",
        "rev": "eabe8d3eface69f5bb16c18f8662a702f50c20d5",
        "type": "github"
      },
      "original": {
        "id": "nixpkgs",
        "type": "indirect"
      }
    },
    "root": {
      "inputs": {
        "display3d": "display3d",
        "nixpkgs": "nixpkgs"
      }
    }
  },
  "root": "root",
  "version": 7
}
