{
  "nodes": {
    "nixpkgs": {
      "locked": {
        "lastModified": 1699065553,
        "narHash": "sha256-j8UmH8fqXcOgL6WrlMcvV2m2XQ6OzU0IBucyuJ0vnyQ=",
        "owner": "NixOS",
        "repo": "nixpkgs",
        "rev": "8ab9c53eee434651ce170dee1d9727b974e9a6b6",
        "type": "github"
      },
      "original": {
        "id": "nixpkgs",
        "type": "indirect"
      }
    },
    "root": {
      "inputs": {
        "nixpkgs": "nixpkgs",
        "stremio": "stremio"
      }
    },
    "stremio": {
      "flake": false,
      "locked": {
        "lastModified": 1625666797,
        "narHash": "sha256-OyuTFmEIC8PH4PDzTMn8ibLUAzJoPA/fTILee0xpgQI=",
        "ref": "refs/tags/v4.4.142",
        "rev": "77e7925f4ba895190b44535f80404e573fb537bb",
        "revCount": 735,
        "submodules": true,
        "type": "git",
        "url": "https://github.com/Stremio/stremio-shell/"
      },
      "original": {
        "ref": "refs/tags/v4.4.142",
        "submodules": true,
        "type": "git",
        "url": "https://github.com/Stremio/stremio-shell/"
      }
    }
  },
  "root": "root",
  "version": 7
}
